D:
/app/base/Controllers/Site
/app/base/Controllers/Other
/data/api/(S)
/usr/theme/default/assets
/usr/theme/default/user/website.php
/usr/theme/default/admin/other.php
/app/base/Views/article/
/public/res/
/public/api
/public/tool

C:
/config/database.php
/config/article.php

S:
/usr/theme/default/
/app/base/Views/about.htmlheader.php
/usr/theme/default/footer.php

---------

F:
/Hulicore.php
/app/base/Controllers/Controller.php
/app/base/Controllers/IndexController.php
/app/base/Controllers/Admin/IndexController.php
/app/base/Controllers/Admin/HandleController.php

U:
/app/base/Controllers/Site
