D:
/data/api/(S)
/usr/theme/default/assets/
/usr/theme/default/user/website.php
/usr/theme/default/admin/other.php
/app/base/Controllers/Site/
/app/base/Controllers/Other/
/public/api
/public/tool
/public/res

C:
/config/database.php
/config/theme.php
/app/app.php
/config/apicode.php
/config/article.php
/app/base/Views/article/

S:
/usr/theme/default/header.php
/usr/theme/default/footer.php

F:
/config/theme.php
/Hulicore.php
/app/base/Controllers/Controller.php
/app/base/Controllers/IndexController.php
/app/base/Controllers/Admin/IndexController.php
/app/base/Controllers/Admin/HandleController.php

U:
/config/theme.php
