D:
/app/base/Controllers/Site
/app/base/Controllers/Other
/app/base/Views/article/
/data/api/(S)
/data/account/
/public/api
/public/tool
/public/res/
/usr/theme/default/assets

C:
/config/database.php
/config/article.php

---------

F:
/Hulicore.php
/app/base/Controllers/Controller.php
/app/base/Controllers/IndexController.php
/app/base/Controllers/Admin/IndexController.php
/app/base/Controllers/Admin/HandleController.php

U:
/app/base/Controllers/Site
